
Microsoft Visual Studio Solution File, Format Version 12.00
# Visual Studio 15
VisualStudioVersion = 15.0.28307.572
MinimumVisualStudioVersion = 10.0.40219.1
Project("{9A19103F-16F7-4668-BE54-9A1E7A4F7556}") = "DroneProject2_Testing", "..\DroneProject2_Testing\DroneProject2_Testing.csproj", "{BEE2A0CC-129B-4154-9D20-F3F647FF8C7D}"
EndProject
Project("{FAE04EC0-301F-11D3-BF4B-00C04F79EFBC}") = "DroneProject2", "DroneProject2.csproj", "{9730DBFB-C61C-44B1-9A69-E1788EE5B27F}"
EndProject
Global
	GlobalSection(SolutionConfigurationPlatforms) = preSolution
		Debug|Any CPU = Debug|Any CPU
		Release|Any CPU = Release|Any CPU
	EndGlobalSection
	GlobalSection(ProjectConfigurationPlatforms) = postSolution
		{BEE2A0CC-129B-4154-9D20-F3F647FF8C7D}.Debug|Any CPU.ActiveCfg = Debug|Any CPU
		{BEE2A0CC-129B-4154-9D20-F3F647FF8C7D}.Debug|Any CPU.Build.0 = Debug|Any CPU
		{BEE2A0CC-129B-4154-9D20-F3F647FF8C7D}.Release|Any CPU.ActiveCfg = Release|Any CPU
		{BEE2A0CC-129B-4154-9D20-F3F647FF8C7D}.Release|Any CPU.Build.0 = Release|Any CPU
		{9730DBFB-C61C-44B1-9A69-E1788EE5B27F}.Debug|Any CPU.ActiveCfg = Debug|Any CPU
		{9730DBFB-C61C-44B1-9A69-E1788EE5B27F}.Debug|Any CPU.Build.0 = Debug|Any CPU
		{9730DBFB-C61C-44B1-9A69-E1788EE5B27F}.Release|Any CPU.ActiveCfg = Release|Any CPU
		{9730DBFB-C61C-44B1-9A69-E1788EE5B27F}.Release|Any CPU.Build.0 = Release|Any CPU
	EndGlobalSection
	GlobalSection(SolutionProperties) = preSolution
		HideSolutionNode = FALSE
	EndGlobalSection
	GlobalSection(ExtensibilityGlobals) = postSolution
		SolutionGuid = {2923A557-A812-4BEB-8747-003E0B81E02A}
	EndGlobalSection
EndGlobal
