
Microsoft Visual Studio Solution File, Format Version 12.00
# Visual Studio 15
VisualStudioVersion = 15.0.28307.572
MinimumVisualStudioVersion = 10.0.40219.1
Project("{FAE04EC0-301F-11D3-BF4B-00C04F79EFBC}") = "DroneProject2", "DroneProject2.csproj", "{9730DBFB-C61C-44B1-9A69-E1788EE5B27F}"
EndProject
Project("{FAE04EC0-301F-11D3-BF4B-00C04F79EFBC}") = "DroneProject2-NUnit", "..\DroneProject2-NUnit\DroneProject2-NUnit.csproj", "{8A04324D-1070-4FD6-84C2-6F7E7D61C5CB}"
EndProject
Global
	GlobalSection(SolutionConfigurationPlatforms) = preSolution
		Debug|Any CPU = Debug|Any CPU
		Release|Any CPU = Release|Any CPU
	EndGlobalSection
	GlobalSection(ProjectConfigurationPlatforms) = postSolution
		{9730DBFB-C61C-44B1-9A69-E1788EE5B27F}.Debug|Any CPU.ActiveCfg = Debug|Any CPU
		{9730DBFB-C61C-44B1-9A69-E1788EE5B27F}.Debug|Any CPU.Build.0 = Debug|Any CPU
		{9730DBFB-C61C-44B1-9A69-E1788EE5B27F}.Release|Any CPU.ActiveCfg = Release|Any CPU
		{9730DBFB-C61C-44B1-9A69-E1788EE5B27F}.Release|Any CPU.Build.0 = Release|Any CPU
		{8A04324D-1070-4FD6-84C2-6F7E7D61C5CB}.Debug|Any CPU.ActiveCfg = Debug|Any CPU
		{8A04324D-1070-4FD6-84C2-6F7E7D61C5CB}.Debug|Any CPU.Build.0 = Debug|Any CPU
		{8A04324D-1070-4FD6-84C2-6F7E7D61C5CB}.Release|Any CPU.ActiveCfg = Release|Any CPU
		{8A04324D-1070-4FD6-84C2-6F7E7D61C5CB}.Release|Any CPU.Build.0 = Release|Any CPU
	EndGlobalSection
	GlobalSection(SolutionProperties) = preSolution
		HideSolutionNode = FALSE
	EndGlobalSection
	GlobalSection(ExtensibilityGlobals) = postSolution
		SolutionGuid = {2923A557-A812-4BEB-8747-003E0B81E02A}
	EndGlobalSection
EndGlobal
